{
    "_meta": {
        "hash": {
            "sha256": "c53d0a93ac5596d37653a4f1cd36919167ccd8e364450b4a75bbbc33732f860f"
        },
        "pipfile-spec": 6,
        "requires": {
            "python_version": "3.11"
        },
        "sources": [
            {
                "name": "pypi",
                "url": "https://pypi.org/simple",
                "verify_ssl": true
            }
        ]
    },
    "default": {
        "bottle": {
            "hashes": [
                "sha256:d6f15f9d422670b7c073d63bd8d287b135388da187a0f3e3c19293626ce034ea",
                "sha256:e1a9c94970ae6d710b3fb4526294dfeb86f2cb4a81eff3a4b98dc40fb0e5e021"
            ],
            "index": "pypi",
            "version": "==0.12.25"
        },
        "gunicorn": {
            "hashes": [
                "sha256:350679f91b24062c86e386e198a15438d53a7a8207235a78ba1b53df4c4378d9",
                "sha256:4a0b436239ff76fb33f11c07a16482c521a7e09c1ce3cc293c2330afe01bec63"
            ],
            "index": "pypi",
            "markers": "python_version >= '3.7'",
            "version": "==22.0.0"
        },
        "packaging": {
            "hashes": [
                "sha256:2ddfb553fdf02fb784c234c7ba6ccc288296ceabec964ad2eae3777778130bc5",
                "sha256:eb82c5e3e56209074766e6885bb04b8c38a0c015d0a30036ebe7ece34c9989e9"
            ],
            "markers": "python_version >= '3.7'",
            "version": "==24.0"
        },
        "pytz": {
            "hashes": [
                "sha256:7b4fddbeb94a1eba4b557da24f19fdf9db575192544270a9101d8509f9f43d7b",
                "sha256:ce42d816b81b68506614c11e8937d3aa9e41007ceb50bfdcb0749b921bf646c7"
            ],
            "index": "pypi",
            "version": "==2023.3.post1"
        }
    },
    "develop": {}
}
